
Microsoft Visual Studio Solution File, Format Version 12.00
# Visual Studio Version 16
VisualStudioVersion = 16.0.30804.86
MinimumVisualStudioVersion = 10.0.40219.1
Project("{2150E333-8FDC-42A3-9474-1A3956D46DE8}") = "01 WebAPI", "01 WebAPI", "{D7DE3BA8-FBC2-4EBA-83E8-7B507F046AFD}"
EndProject
Project("{2150E333-8FDC-42A3-9474-1A3956D46DE8}") = "02 Models", "02 Models", "{AC8005AE-0D21-48A0-9A62-48DA30D0E866}"
EndProject
Project("{2150E333-8FDC-42A3-9474-1A3956D46DE8}") = "03 Bussiness Rules", "03 Bussiness Rules", "{F5C320E8-A01C-4537-89DE-00EEC7250DEC}"
EndProject
Project("{2150E333-8FDC-42A3-9474-1A3956D46DE8}") = "04 Interfaces", "04 Interfaces", "{FD3C477C-8B18-47C0-8019-D877C90CE1B9}"
EndProject
Project("{2150E333-8FDC-42A3-9474-1A3956D46DE8}") = "05 Data Access", "05 Data Access", "{8B7D8090-9961-46F5-936D-CD22CA10F449}"
EndProject
Project("{9A19103F-16F7-4668-BE54-9A1E7A4F7556}") = "CEM.C001.BE.BLL", "CEM.C001.BE.BLL\CEM.C001.BE.BLL.csproj", "{C096634A-79F4-46E6-9E9A-95850F84A193}"
EndProject
Project("{9A19103F-16F7-4668-BE54-9A1E7A4F7556}") = "CEM.C001.BE.Interface", "CEM.C001.BE.Interface\CEM.C001.BE.Interface.csproj", "{C91007AC-AE3F-4285-A20E-59F4CC2FEBEA}"
EndProject
Project("{9A19103F-16F7-4668-BE54-9A1E7A4F7556}") = "CEM.C001.BE.DAL", "CEM.C001.BE.DAL\CEM.C001.BE.DAL.csproj", "{D834BFE5-1B35-40B3-8280-3A691B71E1C7}"
EndProject
Project("{9A19103F-16F7-4668-BE54-9A1E7A4F7556}") = "CEM.C001.BE.Model", "CEM.C001.BE.Model\CEM.C001.BE.Model.csproj", "{3D0A3D78-A9CF-42D5-9C42-8948DBA52B82}"
EndProject
Project("{9A19103F-16F7-4668-BE54-9A1E7A4F7556}") = "CEM.C001.BE.WebAPI", "CEM.C001.BE.WebAPI\CEM.C001.BE.WebAPI.csproj", "{47788090-B280-4326-BCA7-9C864A7E1F87}"
EndProject
Global
	GlobalSection(SolutionConfigurationPlatforms) = preSolution
		Debug|Any CPU = Debug|Any CPU
		Release|Any CPU = Release|Any CPU
	EndGlobalSection
	GlobalSection(ProjectConfigurationPlatforms) = postSolution
		{C096634A-79F4-46E6-9E9A-95850F84A193}.Debug|Any CPU.ActiveCfg = Debug|Any CPU
		{C096634A-79F4-46E6-9E9A-95850F84A193}.Debug|Any CPU.Build.0 = Debug|Any CPU
		{C096634A-79F4-46E6-9E9A-95850F84A193}.Release|Any CPU.ActiveCfg = Release|Any CPU
		{C096634A-79F4-46E6-9E9A-95850F84A193}.Release|Any CPU.Build.0 = Release|Any CPU
		{C91007AC-AE3F-4285-A20E-59F4CC2FEBEA}.Debug|Any CPU.ActiveCfg = Debug|Any CPU
		{C91007AC-AE3F-4285-A20E-59F4CC2FEBEA}.Debug|Any CPU.Build.0 = Debug|Any CPU
		{C91007AC-AE3F-4285-A20E-59F4CC2FEBEA}.Release|Any CPU.ActiveCfg = Release|Any CPU
		{C91007AC-AE3F-4285-A20E-59F4CC2FEBEA}.Release|Any CPU.Build.0 = Release|Any CPU
		{D834BFE5-1B35-40B3-8280-3A691B71E1C7}.Debug|Any CPU.ActiveCfg = Debug|Any CPU
		{D834BFE5-1B35-40B3-8280-3A691B71E1C7}.Debug|Any CPU.Build.0 = Debug|Any CPU
		{D834BFE5-1B35-40B3-8280-3A691B71E1C7}.Release|Any CPU.ActiveCfg = Release|Any CPU
		{D834BFE5-1B35-40B3-8280-3A691B71E1C7}.Release|Any CPU.Build.0 = Release|Any CPU
		{3D0A3D78-A9CF-42D5-9C42-8948DBA52B82}.Debug|Any CPU.ActiveCfg = Debug|Any CPU
		{3D0A3D78-A9CF-42D5-9C42-8948DBA52B82}.Debug|Any CPU.Build.0 = Debug|Any CPU
		{3D0A3D78-A9CF-42D5-9C42-8948DBA52B82}.Release|Any CPU.ActiveCfg = Release|Any CPU
		{3D0A3D78-A9CF-42D5-9C42-8948DBA52B82}.Release|Any CPU.Build.0 = Release|Any CPU
		{47788090-B280-4326-BCA7-9C864A7E1F87}.Debug|Any CPU.ActiveCfg = Debug|Any CPU
		{47788090-B280-4326-BCA7-9C864A7E1F87}.Debug|Any CPU.Build.0 = Debug|Any CPU
		{47788090-B280-4326-BCA7-9C864A7E1F87}.Release|Any CPU.ActiveCfg = Release|Any CPU
		{47788090-B280-4326-BCA7-9C864A7E1F87}.Release|Any CPU.Build.0 = Release|Any CPU
	EndGlobalSection
	GlobalSection(SolutionProperties) = preSolution
		HideSolutionNode = FALSE
	EndGlobalSection
	GlobalSection(NestedProjects) = preSolution
		{C096634A-79F4-46E6-9E9A-95850F84A193} = {F5C320E8-A01C-4537-89DE-00EEC7250DEC}
		{C91007AC-AE3F-4285-A20E-59F4CC2FEBEA} = {FD3C477C-8B18-47C0-8019-D877C90CE1B9}
		{D834BFE5-1B35-40B3-8280-3A691B71E1C7} = {8B7D8090-9961-46F5-936D-CD22CA10F449}
		{3D0A3D78-A9CF-42D5-9C42-8948DBA52B82} = {AC8005AE-0D21-48A0-9A62-48DA30D0E866}
		{47788090-B280-4326-BCA7-9C864A7E1F87} = {D7DE3BA8-FBC2-4EBA-83E8-7B507F046AFD}
	EndGlobalSection
	GlobalSection(ExtensibilityGlobals) = postSolution
		SolutionGuid = {E77C2B46-13A2-404D-9016-01275B239312}
	EndGlobalSection
EndGlobal
